PODS:
  - PKHUD (5.0.0)
  - SnapKit (4.0.0)

DEPENDENCIES:
  - PKHUD (~> 5.0)
  - SnapKit

SPEC REPOS:
  https://github.com/CocoaPods/Specs.git:
    - PKHUD
    - SnapKit

SPEC CHECKSUMS:
  PKHUD: 3c001512c6e002091184197a8de7a20420786e3b
  SnapKit: a42d492c16e80209130a3379f73596c3454b7694

PODFILE CHECKSUM: 92c72d18b9089e1c6dff18cf703232bcdd0bebfc

COCOAPODS: 1.5.0
